# This file is automatically @generated by Cargo.
# It is not intended for manual editing.
version = 3

[[package]]
name = "http_serv"
version = "0.3.0"
source = "git+https://github.com/GamingGuy003/http_serv.git?branch=main#aba1f8b1422cab9ac347cd09db094410eff56261"

[[package]]
name = "url_short"
version = "0.1.0"
dependencies = [
 "http_serv",
]
